
Microsoft Visual Studio Solution File, Format Version 12.00
# Visual Studio 15
VisualStudioVersion = 15.0.27130.2010
MinimumVisualStudioVersion = 10.0.40219.1
Project("{FAE04EC0-301F-11D3-BF4B-00C04F79EFBC}") = "Lab6", "Lab6\Lab6.csproj", "{BF04D09E-C02A-4BBD-82D7-B771AF92DAC7}"
EndProject
Global
	GlobalSection(SolutionConfigurationPlatforms) = preSolution
		Debug|Any CPU = Debug|Any CPU
		Release|Any CPU = Release|Any CPU
	EndGlobalSection
	GlobalSection(ProjectConfigurationPlatforms) = postSolution
		{BF04D09E-C02A-4BBD-82D7-B771AF92DAC7}.Debug|Any CPU.ActiveCfg = Debug|Any CPU
		{BF04D09E-C02A-4BBD-82D7-B771AF92DAC7}.Debug|Any CPU.Build.0 = Debug|Any CPU
		{BF04D09E-C02A-4BBD-82D7-B771AF92DAC7}.Release|Any CPU.ActiveCfg = Release|Any CPU
		{BF04D09E-C02A-4BBD-82D7-B771AF92DAC7}.Release|Any CPU.Build.0 = Release|Any CPU
	EndGlobalSection
	GlobalSection(SolutionProperties) = preSolution
		HideSolutionNode = FALSE
	EndGlobalSection
	GlobalSection(ExtensibilityGlobals) = postSolution
		SolutionGuid = {384D8C21-C40D-410D-95D5-183A6130D6CB}
	EndGlobalSection
EndGlobal
